github.com/golang/crypto v0.0.0-20210322153248-0c34fe9e7dc2 h1:8llN7yzwGxwu9113L6qZhy5GAsXqM0CwzpGy7Jg4d8A=
github.com/golang/crypto v0.0.0-20210322153248-0c34fe9e7dc2/go.mod h1:T9bdIzuCu7OtxOm1hfPfRQxPLYneinmdGuTeoZ9dtd4=
github.com/golang/mod v0.4.2/go.mod h1:s0Qsj1ACt9ePp/hMypM3fl4fZqREWJwdYDEqhRiZZUA=
github.com/golang/net v0.0.0-20210405180319-a5a99cb37ef4/go.mod h1:p54w0d4576C0XHj96bSt6lcn1PtDYWL6XObtHCRCNQM=
github.com/golang/sync v0.0.0-20210220032951-036812b2e83c/go.mod h1:RxMgew5VJxzue5/jJTE5uejpjVlOe/izrB70Jof72aM=
github.com/golang/sys v0.0.0-20210403161142-5e06dd20ab57 h1:upZIMJjSHq2DsTQrw61htga/LHhFNLSPaZajWdvmhw8=
github.com/golang/sys v0.0.0-20210403161142-5e06dd20ab57/go.mod h1:h1NjWce9XRLGQEsW7wpKNCjG9DtNlClVuFLEZdDNbEs=
github.com/golang/term v0.0.0-20210406210042-72f3dc4e9b72 h1:gaZWVmjtqTQMPfi7fL7ekOlPwacCXPkkZIvaDGYM+M4=
github.com/golang/term v0.0.0-20210406210042-72f3dc4e9b72/go.mod h1:bj7SfCRtBDWHUb9snDiAeCFNEtKQo2Wmx5Cou7ajbmo=
github.com/golang/text v0.3.6/go.mod h1:5Zoc/QRtKVWzQhOtBMvqHzDpF6irO9z98xDceosuGiQ=
github.com/golang/tools v0.1.0/go.mod h1:xkSsbof2nBLbhDlRMhhhyNLN/zl3eTqcnHD5viDpcZ0=
github.com/golang/xerrors v0.0.0-20200804184101-5ec99f83aff1/go.mod h1:I/5z698sn9Ka8TeJc9MKroUUfqBBauWjQqLJ2OPfmY0=
github.com/howeyc/gopass v0.0.0-20190910152052-7cb4b85ec19c h1:aY2hhxLhjEAbfXOx2nRJxCXezC6CO2V/yN+OCr1srtk=
github.com/howeyc/gopass v0.0.0-20190910152052-7cb4b85ec19c/go.mod h1:lADxMC39cJJqL93Duh1xhAs4I2Zs8mKS89XWXFGp9cs=
github.com/yuin/goldmark v1.2.1/go.mod h1:3hX8gzYuyVAZsxl0MRgGTJEmQBFcNTphYh9decYSb74=
